
Microsoft Visual Studio Solution File, Format Version 12.00
# Visual Studio Version 16
VisualStudioVersion = 16.0.31605.320
MinimumVisualStudioVersion = 10.0.40219.1
Project("{FAE04EC0-301F-11D3-BF4B-00C04F79EFBC}") = "Prova", "Prova\Prova.csproj", "{2BEE9707-5150-4EF2-880D-D9A01BCDCACD}"
EndProject
Global
	GlobalSection(SolutionConfigurationPlatforms) = preSolution
		Debug|Any CPU = Debug|Any CPU
		Release|Any CPU = Release|Any CPU
	EndGlobalSection
	GlobalSection(ProjectConfigurationPlatforms) = postSolution
		{2BEE9707-5150-4EF2-880D-D9A01BCDCACD}.Debug|Any CPU.ActiveCfg = Debug|Any CPU
		{2BEE9707-5150-4EF2-880D-D9A01BCDCACD}.Debug|Any CPU.Build.0 = Debug|Any CPU
		{2BEE9707-5150-4EF2-880D-D9A01BCDCACD}.Release|Any CPU.ActiveCfg = Release|Any CPU
		{2BEE9707-5150-4EF2-880D-D9A01BCDCACD}.Release|Any CPU.Build.0 = Release|Any CPU
	EndGlobalSection
	GlobalSection(SolutionProperties) = preSolution
		HideSolutionNode = FALSE
	EndGlobalSection
	GlobalSection(ExtensibilityGlobals) = postSolution
		SolutionGuid = {63C525A6-3612-4D91-9B86-BF72A2F358C7}
	EndGlobalSection
EndGlobal
